
Microsoft Visual Studio Solution File, Format Version 12.00
# Visual Studio Version 17
VisualStudioVersion = 17.0.31903.59
MinimumVisualStudioVersion = 10.0.40219.1
Project("{2150E333-8FDC-42A3-9474-1A3956D46DE8}") = "src", "src", "{827E0CD3-B72D-47B6-A68D-7590B98EB39B}"
EndProject
Project("{FAE04EC0-301F-11D3-BF4B-00C04F79EFBC}") = "LivingWorld.Domain", "src\LivingWorld.Domain\LivingWorld.Domain.csproj", "{E4517CE4-DBD3-45EA-992F-4A7F5C3D1B38}"
EndProject
Project("{FAE04EC0-301F-11D3-BF4B-00C04F79EFBC}") = "LivingWorld.Simulation", "src\LivingWorld.Simulation\LivingWorld.Simulation.csproj", "{2C3B8C72-6130-4877-8CDA-0EF5B6D429D0}"
EndProject
Project("{FAE04EC0-301F-11D3-BF4B-00C04F79EFBC}") = "LivingWorld.Infrastructure", "src\LivingWorld.Infrastructure\LivingWorld.Infrastructure.csproj", "{8979C2C2-F7EC-4332-A5EB-FCCA02BB78E6}"
EndProject
Project("{FAE04EC0-301F-11D3-BF4B-00C04F79EFBC}") = "LivingWorld.AI", "src\LivingWorld.AI\LivingWorld.AI.csproj", "{4E1B2913-8BD7-4690-9675-2EFBBC7FF08D}"
EndProject
Project("{FAE04EC0-301F-11D3-BF4B-00C04F79EFBC}") = "LivingWorld.Api", "src\LivingWorld.Api\LivingWorld.Api.csproj", "{E00BF800-1FEE-4B3C-B559-487DB0E6C8AD}"
EndProject
Project("{FAE04EC0-301F-11D3-BF4B-00C04F79EFBC}") = "LivingWorld.Workers", "src\LivingWorld.Workers\LivingWorld.Workers.csproj", "{700C86D9-659B-47CF-B0C5-D1177DC9ADA8}"
EndProject
Project("{2150E333-8FDC-42A3-9474-1A3956D46DE8}") = "tests", "tests", "{0AB3BF05-4346-4AA6-1389-037BE0695223}"
EndProject
Project("{FAE04EC0-301F-11D3-BF4B-00C04F79EFBC}") = "LivingWorld.Tests", "tests\LivingWorld.Tests\LivingWorld.Tests.csproj", "{D8C2D512-F617-4F55-A840-B2C03768A406}"
EndProject
Global
	GlobalSection(SolutionConfigurationPlatforms) = preSolution
		Debug|Any CPU = Debug|Any CPU
		Debug|x64 = Debug|x64
		Debug|x86 = Debug|x86
		Release|Any CPU = Release|Any CPU
		Release|x64 = Release|x64
		Release|x86 = Release|x86
	EndGlobalSection
	GlobalSection(ProjectConfigurationPlatforms) = postSolution
		{E4517CE4-DBD3-45EA-992F-4A7F5C3D1B38}.Debug|Any CPU.ActiveCfg = Debug|Any CPU
		{E4517CE4-DBD3-45EA-992F-4A7F5C3D1B38}.Debug|Any CPU.Build.0 = Debug|Any CPU
		{E4517CE4-DBD3-45EA-992F-4A7F5C3D1B38}.Debug|x64.ActiveCfg = Debug|Any CPU
		{E4517CE4-DBD3-45EA-992F-4A7F5C3D1B38}.Debug|x64.Build.0 = Debug|Any CPU
		{E4517CE4-DBD3-45EA-992F-4A7F5C3D1B38}.Debug|x86.ActiveCfg = Debug|Any CPU
		{E4517CE4-DBD3-45EA-992F-4A7F5C3D1B38}.Debug|x86.Build.0 = Debug|Any CPU
		{E4517CE4-DBD3-45EA-992F-4A7F5C3D1B38}.Release|Any CPU.ActiveCfg = Release|Any CPU
		{E4517CE4-DBD3-45EA-992F-4A7F5C3D1B38}.Release|Any CPU.Build.0 = Release|Any CPU
		{E4517CE4-DBD3-45EA-992F-4A7F5C3D1B38}.Release|x64.ActiveCfg = Release|Any CPU
		{E4517CE4-DBD3-45EA-992F-4A7F5C3D1B38}.Release|x64.Build.0 = Release|Any CPU
		{E4517CE4-DBD3-45EA-992F-4A7F5C3D1B38}.Release|x86.ActiveCfg = Release|Any CPU
		{E4517CE4-DBD3-45EA-992F-4A7F5C3D1B38}.Release|x86.Build.0 = Release|Any CPU
		{2C3B8C72-6130-4877-8CDA-0EF5B6D429D0}.Debug|Any CPU.ActiveCfg = Debug|Any CPU
		{2C3B8C72-6130-4877-8CDA-0EF5B6D429D0}.Debug|Any CPU.Build.0 = Debug|Any CPU
		{2C3B8C72-6130-4877-8CDA-0EF5B6D429D0}.Debug|x64.ActiveCfg = Debug|Any CPU
		{2C3B8C72-6130-4877-8CDA-0EF5B6D429D0}.Debug|x64.Build.0 = Debug|Any CPU
		{2C3B8C72-6130-4877-8CDA-0EF5B6D429D0}.Debug|x86.ActiveCfg = Debug|Any CPU
		{2C3B8C72-6130-4877-8CDA-0EF5B6D429D0}.Debug|x86.Build.0 = Debug|Any CPU
		{2C3B8C72-6130-4877-8CDA-0EF5B6D429D0}.Release|Any CPU.ActiveCfg = Release|Any CPU
		{2C3B8C72-6130-4877-8CDA-0EF5B6D429D0}.Release|Any CPU.Build.0 = Release|Any CPU
		{2C3B8C72-6130-4877-8CDA-0EF5B6D429D0}.Release|x64.ActiveCfg = Release|Any CPU
		{2C3B8C72-6130-4877-8CDA-0EF5B6D429D0}.Release|x64.Build.0 = Release|Any CPU
		{2C3B8C72-6130-4877-8CDA-0EF5B6D429D0}.Release|x86.ActiveCfg = Release|Any CPU
		{2C3B8C72-6130-4877-8CDA-0EF5B6D429D0}.Release|x86.Build.0 = Release|Any CPU
		{8979C2C2-F7EC-4332-A5EB-FCCA02BB78E6}.Debug|Any CPU.ActiveCfg = Debug|Any CPU
		{8979C2C2-F7EC-4332-A5EB-FCCA02BB78E6}.Debug|Any CPU.Build.0 = Debug|Any CPU
		{8979C2C2-F7EC-4332-A5EB-FCCA02BB78E6}.Debug|x64.ActiveCfg = Debug|Any CPU
		{8979C2C2-F7EC-4332-A5EB-FCCA02BB78E6}.Debug|x64.Build.0 = Debug|Any CPU
		{8979C2C2-F7EC-4332-A5EB-FCCA02BB78E6}.Debug|x86.ActiveCfg = Debug|Any CPU
		{8979C2C2-F7EC-4332-A5EB-FCCA02BB78E6}.Debug|x86.Build.0 = Debug|Any CPU
		{8979C2C2-F7EC-4332-A5EB-FCCA02BB78E6}.Release|Any CPU.ActiveCfg = Release|Any CPU
		{8979C2C2-F7EC-4332-A5EB-FCCA02BB78E6}.Release|Any CPU.Build.0 = Release|Any CPU
		{8979C2C2-F7EC-4332-A5EB-FCCA02BB78E6}.Release|x64.ActiveCfg = Release|Any CPU
		{8979C2C2-F7EC-4332-A5EB-FCCA02BB78E6}.Release|x64.Build.0 = Release|Any CPU
		{8979C2C2-F7EC-4332-A5EB-FCCA02BB78E6}.Release|x86.ActiveCfg = Release|Any CPU
		{8979C2C2-F7EC-4332-A5EB-FCCA02BB78E6}.Release|x86.Build.0 = Release|Any CPU
		{4E1B2913-8BD7-4690-9675-2EFBBC7FF08D}.Debug|Any CPU.ActiveCfg = Debug|Any CPU
		{4E1B2913-8BD7-4690-9675-2EFBBC7FF08D}.Debug|Any CPU.Build.0 = Debug|Any CPU
		{4E1B2913-8BD7-4690-9675-2EFBBC7FF08D}.Debug|x64.ActiveCfg = Debug|Any CPU
		{4E1B2913-8BD7-4690-9675-2EFBBC7FF08D}.Debug|x64.Build.0 = Debug|Any CPU
		{4E1B2913-8BD7-4690-9675-2EFBBC7FF08D}.Debug|x86.ActiveCfg = Debug|Any CPU
		{4E1B2913-8BD7-4690-9675-2EFBBC7FF08D}.Debug|x86.Build.0 = Debug|Any CPU
		{4E1B2913-8BD7-4690-9675-2EFBBC7FF08D}.Release|Any CPU.ActiveCfg = Release|Any CPU
		{4E1B2913-8BD7-4690-9675-2EFBBC7FF08D}.Release|Any CPU.Build.0 = Release|Any CPU
		{4E1B2913-8BD7-4690-9675-2EFBBC7FF08D}.Release|x64.ActiveCfg = Release|Any CPU
		{4E1B2913-8BD7-4690-9675-2EFBBC7FF08D}.Release|x64.Build.0 = Release|Any CPU
		{4E1B2913-8BD7-4690-9675-2EFBBC7FF08D}.Release|x86.ActiveCfg = Release|Any CPU
		{4E1B2913-8BD7-4690-9675-2EFBBC7FF08D}.Release|x86.Build.0 = Release|Any CPU
		{E00BF800-1FEE-4B3C-B559-487DB0E6C8AD}.Debug|Any CPU.ActiveCfg = Debug|Any CPU
		{E00BF800-1FEE-4B3C-B559-487DB0E6C8AD}.Debug|Any CPU.Build.0 = Debug|Any CPU
		{E00BF800-1FEE-4B3C-B559-487DB0E6C8AD}.Debug|x64.ActiveCfg = Debug|Any CPU
		{E00BF800-1FEE-4B3C-B559-487DB0E6C8AD}.Debug|x64.Build.0 = Debug|Any CPU
		{E00BF800-1FEE-4B3C-B559-487DB0E6C8AD}.Debug|x86.ActiveCfg = Debug|Any CPU
		{E00BF800-1FEE-4B3C-B559-487DB0E6C8AD}.Debug|x86.Build.0 = Debug|Any CPU
		{E00BF800-1FEE-4B3C-B559-487DB0E6C8AD}.Release|Any CPU.ActiveCfg = Release|Any CPU
		{E00BF800-1FEE-4B3C-B559-487DB0E6C8AD}.Release|Any CPU.Build.0 = Release|Any CPU
		{E00BF800-1FEE-4B3C-B559-487DB0E6C8AD}.Release|x64.ActiveCfg = Release|Any CPU
		{E00BF800-1FEE-4B3C-B559-487DB0E6C8AD}.Release|x64.Build.0 = Release|Any CPU
		{E00BF800-1FEE-4B3C-B559-487DB0E6C8AD}.Release|x86.ActiveCfg = Release|Any CPU
		{E00BF800-1FEE-4B3C-B559-487DB0E6C8AD}.Release|x86.Build.0 = Release|Any CPU
		{700C86D9-659B-47CF-B0C5-D1177DC9ADA8}.Debug|Any CPU.ActiveCfg = Debug|Any CPU
		{700C86D9-659B-47CF-B0C5-D1177DC9ADA8}.Debug|Any CPU.Build.0 = Debug|Any CPU
		{700C86D9-659B-47CF-B0C5-D1177DC9ADA8}.Debug|x64.ActiveCfg = Debug|Any CPU
		{700C86D9-659B-47CF-B0C5-D1177DC9ADA8}.Debug|x64.Build.0 = Debug|Any CPU
		{700C86D9-659B-47CF-B0C5-D1177DC9ADA8}.Debug|x86.ActiveCfg = Debug|Any CPU
		{700C86D9-659B-47CF-B0C5-D1177DC9ADA8}.Debug|x86.Build.0 = Debug|Any CPU
		{700C86D9-659B-47CF-B0C5-D1177DC9ADA8}.Release|Any CPU.ActiveCfg = Release|Any CPU
		{700C86D9-659B-47CF-B0C5-D1177DC9ADA8}.Release|Any CPU.Build.0 = Release|Any CPU
		{700C86D9-659B-47CF-B0C5-D1177DC9ADA8}.Release|x64.ActiveCfg = Release|Any CPU
		{700C86D9-659B-47CF-B0C5-D1177DC9ADA8}.Release|x64.Build.0 = Release|Any CPU
		{700C86D9-659B-47CF-B0C5-D1177DC9ADA8}.Release|x86.ActiveCfg = Release|Any CPU
		{700C86D9-659B-47CF-B0C5-D1177DC9ADA8}.Release|x86.Build.0 = Release|Any CPU
		{D8C2D512-F617-4F55-A840-B2C03768A406}.Debug|Any CPU.ActiveCfg = Debug|Any CPU
		{D8C2D512-F617-4F55-A840-B2C03768A406}.Debug|Any CPU.Build.0 = Debug|Any CPU
		{D8C2D512-F617-4F55-A840-B2C03768A406}.Debug|x64.ActiveCfg = Debug|Any CPU
		{D8C2D512-F617-4F55-A840-B2C03768A406}.Debug|x64.Build.0 = Debug|Any CPU
		{D8C2D512-F617-4F55-A840-B2C03768A406}.Debug|x86.ActiveCfg = Debug|Any CPU
		{D8C2D512-F617-4F55-A840-B2C03768A406}.Debug|x86.Build.0 = Debug|Any CPU
		{D8C2D512-F617-4F55-A840-B2C03768A406}.Release|Any CPU.ActiveCfg = Release|Any CPU
		{D8C2D512-F617-4F55-A840-B2C03768A406}.Release|Any CPU.Build.0 = Release|Any CPU
		{D8C2D512-F617-4F55-A840-B2C03768A406}.Release|x64.ActiveCfg = Release|Any CPU
		{D8C2D512-F617-4F55-A840-B2C03768A406}.Release|x64.Build.0 = Release|Any CPU
		{D8C2D512-F617-4F55-A840-B2C03768A406}.Release|x86.ActiveCfg = Release|Any CPU
		{D8C2D512-F617-4F55-A840-B2C03768A406}.Release|x86.Build.0 = Release|Any CPU
	EndGlobalSection
	GlobalSection(SolutionProperties) = preSolution
		HideSolutionNode = FALSE
	EndGlobalSection
	GlobalSection(NestedProjects) = preSolution
		{E4517CE4-DBD3-45EA-992F-4A7F5C3D1B38} = {827E0CD3-B72D-47B6-A68D-7590B98EB39B}
		{2C3B8C72-6130-4877-8CDA-0EF5B6D429D0} = {827E0CD3-B72D-47B6-A68D-7590B98EB39B}
		{8979C2C2-F7EC-4332-A5EB-FCCA02BB78E6} = {827E0CD3-B72D-47B6-A68D-7590B98EB39B}
		{4E1B2913-8BD7-4690-9675-2EFBBC7FF08D} = {827E0CD3-B72D-47B6-A68D-7590B98EB39B}
		{E00BF800-1FEE-4B3C-B559-487DB0E6C8AD} = {827E0CD3-B72D-47B6-A68D-7590B98EB39B}
		{700C86D9-659B-47CF-B0C5-D1177DC9ADA8} = {827E0CD3-B72D-47B6-A68D-7590B98EB39B}
		{D8C2D512-F617-4F55-A840-B2C03768A406} = {0AB3BF05-4346-4AA6-1389-037BE0695223}
	EndGlobalSection
EndGlobal
